// !$*UTF8*$!
{
	archiveVersion = 1;
	classes = {
	};
	objectVersion = 46;
	objects = {

/* Begin PBXBuildFile section */
		4608D76A1A754C210071D831 /* AppDelegate.swift in Sources */ = {isa = PBXBuildFile; fileRef = 4608D7691A754C210071D831 /* AppDelegate.swift */; };
		4608D76F1A754C210071D831 /* Main.storyboard in Resources */ = {isa = PBXBuildFile; fileRef = 4608D76D1A754C210071D831 /* Main.storyboard */; };
		4608D7711A754C210071D831 /* Images.xcassets in Resources */ = {isa = PBXBuildFile; fileRef = 4608D7701A754C210071D831 /* Images.xcassets */; };
		4608D7741A754C210071D831 /* LaunchScreen.xib in Resources */ = {isa = PBXBuildFile; fileRef = 4608D7721A754C210071D831 /* LaunchScreen.xib */; };
		4608D7801A754C210071D831 /* ParseDemoTests.swift in Sources */ = {isa = PBXBuildFile; fileRef = 4608D77F1A754C210071D831 /* ParseDemoTests.swift */; };
		4608D78A1A754CAB0071D831 /* AudioToolbox.framework in Frameworks */ = {isa = PBXBuildFile; fileRef = 4608D7891A754CAB0071D831 /* AudioToolbox.framework */; };
		4608D78C1A754CB60071D831 /* CFNetwork.framework in Frameworks */ = {isa = PBXBuildFile; fileRef = 4608D78B1A754CB60071D831 /* CFNetwork.framework */; };
		4608D78E1A754CC20071D831 /* CoreGraphics.framework in Frameworks */ = {isa = PBXBuildFile; fileRef = 4608D78D1A754CC20071D831 /* CoreGraphics.framework */; };
		4608D7901A754CCA0071D831 /* CoreLocation.framework in Frameworks */ = {isa = PBXBuildFile; fileRef = 4608D78F1A754CCA0071D831 /* CoreLocation.framework */; };
		4608D7921A754CD40071D831 /* MobileCoreServices.framework in Frameworks */ = {isa = PBXBuildFile; fileRef = 4608D7911A754CD40071D831 /* MobileCoreServices.framework */; };
		4608D7941A754CD90071D831 /* QuartzCore.framework in Frameworks */ = {isa = PBXBuildFile; fileRef = 4608D7931A754CD90071D831 /* QuartzCore.framework */; };
		4608D7961A754CE70071D831 /* Security.framework in Frameworks */ = {isa = PBXBuildFile; fileRef = 4608D7951A754CE70071D831 /* Security.framework */; };
		4608D7981A754CED0071D831 /* StoreKit.framework in Frameworks */ = {isa = PBXBuildFile; fileRef = 4608D7971A754CED0071D831 /* StoreKit.framework */; };
		4608D79A1A754CFA0071D831 /* SystemConfiguration.framework in Frameworks */ = {isa = PBXBuildFile; fileRef = 4608D7991A754CFA0071D831 /* SystemConfiguration.framework */; };
		4608D79C1A754D090071D831 /* libz.dylib in Frameworks */ = {isa = PBXBuildFile; fileRef = 4608D79B1A754D090071D831 /* libz.dylib */; };
		4608D79E1A754D150071D831 /* libsqlite3.dylib in Frameworks */ = {isa = PBXBuildFile; fileRef = 4608D79D1A754D150071D831 /* libsqlite3.dylib */; };
		4608D7A01A754DD70071D831 /* Parse.framework in Frameworks */ = {isa = PBXBuildFile; fileRef = 4608D79F1A754DD70071D831 /* Parse.framework */; };
		4608D7A21A754DE30071D831 /* Bolts.framework in Frameworks */ = {isa = PBXBuildFile; fileRef = 4608D7A11A754DE30071D831 /* Bolts.framework */; };
		4608D7A51A7556FA0071D831 /* TimelineTableViewController.swift in Sources */ = {isa = PBXBuildFile; fileRef = 4608D7A41A7556FA0071D831 /* TimelineTableViewController.swift */; };
		4608D7A91A7557CE0071D831 /* CreateMessageViewController.swift in Sources */ = {isa = PBXBuildFile; fileRef = 4608D7A81A7557CE0071D831 /* CreateMessageViewController.swift */; };
		463646E91A7FE9B2005C2141 /* AppConfig.plist in Resources */ = {isa = PBXBuildFile; fileRef = 463646E81A7FE9B2005C2141 /* AppConfig.plist */; };
		46A1C1381A757916008730D1 /* MessageTableViewCell.swift in Sources */ = {isa = PBXBuildFile; fileRef = 46A1C1371A757916008730D1 /* MessageTableViewCell.swift */; };
		46A7ECE01AA21F12009A1E98 /* UserService.swift in Sources */ = {isa = PBXBuildFile; fileRef = 46A7ECDF1AA21F12009A1E98 /* UserService.swift */; };
		46A7ECE21AA226C6009A1E98 /* CreateMessageService.swift in Sources */ = {isa = PBXBuildFile; fileRef = 46A7ECE11AA226C6009A1E98 /* CreateMessageService.swift */; };
		46B54EAD1AA870640062500F /* TimelinePresenter.swift in Sources */ = {isa = PBXBuildFile; fileRef = 46B54EAC1AA870640062500F /* TimelinePresenter.swift */; };
/* End PBXBuildFile section */

/* Begin PBXContainerItemProxy section */
		4608D77A1A754C210071D831 /* PBXContainerItemProxy */ = {
			isa = PBXContainerItemProxy;
			containerPortal = 4608D75C1A754C210071D831 /* Project object */;
			proxyType = 1;
			remoteGlobalIDString = 4608D7631A754C210071D831;
			remoteInfo = ParseDemo;
		};
/* End PBXContainerItemProxy section */

/* Begin PBXFileReference section */
		4608D7641A754C210071D831 /* ParseDemo.app */ = {isa = PBXFileReference; explicitFileType = wrapper.application; includeInIndex = 0; path = ParseDemo.app; sourceTree = BUILT_PRODUCTS_DIR; };
		4608D7681A754C210071D831 /* Info.plist */ = {isa = PBXFileReference; lastKnownFileType = text.plist.xml; path = Info.plist; sourceTree = "<group>"; };
		4608D7691A754C210071D831 /* AppDelegate.swift */ = {isa = PBXFileReference; lastKnownFileType = sourcecode.swift; path = AppDelegate.swift; sourceTree = "<group>"; };
		4608D76E1A754C210071D831 /* Base */ = {isa = PBXFileReference; lastKnownFileType = file.storyboard; name = Base; path = Base.lproj/Main.storyboard; sourceTree = "<group>"; };
		4608D7701A754C210071D831 /* Images.xcassets */ = {isa = PBXFileReference; lastKnownFileType = folder.assetcatalog; path = Images.xcassets; sourceTree = "<group>"; };
		4608D7731A754C210071D831 /* Base */ = {isa = PBXFileReference; lastKnownFileType = file.xib; name = Base; path = Base.lproj/LaunchScreen.xib; sourceTree = "<group>"; };
		4608D7791A754C210071D831 /* ParseDemoTests.xctest */ = {isa = PBXFileReference; explicitFileType = wrapper.cfbundle; includeInIndex = 0; path = ParseDemoTests.xctest; sourceTree = BUILT_PRODUCTS_DIR; };
		4608D77E1A754C210071D831 /* Info.plist */ = {isa = PBXFileReference; lastKnownFileType = text.plist.xml; path = Info.plist; sourceTree = "<group>"; };
		4608D77F1A754C210071D831 /* ParseDemoTests.swift */ = {isa = PBXFileReference; lastKnownFileType = sourcecode.swift; path = ParseDemoTests.swift; sourceTree = "<group>"; };
		4608D7891A754CAB0071D831 /* AudioToolbox.framework */ = {isa = PBXFileReference; lastKnownFileType = wrapper.framework; name = AudioToolbox.framework; path = System/Library/Frameworks/AudioToolbox.framework; sourceTree = SDKROOT; };
		4608D78B1A754CB60071D831 /* CFNetwork.framework */ = {isa = PBXFileReference; lastKnownFileType = wrapper.framework; name = CFNetwork.framework; path = System/Library/Frameworks/CFNetwork.framework; sourceTree = SDKROOT; };
		4608D78D1A754CC20071D831 /* CoreGraphics.framework */ = {isa = PBXFileReference; lastKnownFileType = wrapper.framework; name = CoreGraphics.framework; path = System/Library/Frameworks/CoreGraphics.framework; sourceTree = SDKROOT; };
		4608D78F1A754CCA0071D831 /* CoreLocation.framework */ = {isa = PBXFileReference; lastKnownFileType = wrapper.framework; name = CoreLocation.framework; path = System/Library/Frameworks/CoreLocation.framework; sourceTree = SDKROOT; };
		4608D7911A754CD40071D831 /* MobileCoreServices.framework */ = {isa = PBXFileReference; lastKnownFileType = wrapper.framework; name = MobileCoreServices.framework; path = System/Library/Frameworks/MobileCoreServices.framework; sourceTree = SDKROOT; };
		4608D7931A754CD90071D831 /* QuartzCore.framework */ = {isa = PBXFileReference; lastKnownFileType = wrapper.framework; name = QuartzCore.framework; path = System/Library/Frameworks/QuartzCore.framework; sourceTree = SDKROOT; };
		4608D7951A754CE70071D831 /* Security.framework */ = {isa = PBXFileReference; lastKnownFileType = wrapper.framework; name = Security.framework; path = System/Library/Frameworks/Security.framework; sourceTree = SDKROOT; };
		4608D7971A754CED0071D831 /* StoreKit.framework */ = {isa = PBXFileReference; lastKnownFileType = wrapper.framework; name = StoreKit.framework; path = System/Library/Frameworks/StoreKit.framework; sourceTree = SDKROOT; };
		4608D7991A754CFA0071D831 /* SystemConfiguration.framework */ = {isa = PBXFileReference; lastKnownFileType = wrapper.framework; name = SystemConfiguration.framework; path = System/Library/Frameworks/SystemConfiguration.framework; sourceTree = SDKROOT; };
		4608D79B1A754D090071D831 /* libz.dylib */ = {isa = PBXFileReference; lastKnownFileType = "compiled.mach-o.dylib"; name = libz.dylib; path = usr/lib/libz.dylib; sourceTree = SDKROOT; };
		4608D79D1A754D150071D831 /* libsqlite3.dylib */ = {isa = PBXFileReference; lastKnownFileType = "compiled.mach-o.dylib"; name = libsqlite3.dylib; path = usr/lib/libsqlite3.dylib; sourceTree = SDKROOT; };
		4608D79F1A754DD70071D831 /* Parse.framework */ = {isa = PBXFileReference; lastKnownFileType = wrapper.framework; path = Parse.framework; sourceTree = "<group>"; };
		4608D7A11A754DE30071D831 /* Bolts.framework */ = {isa = PBXFileReference; lastKnownFileType = wrapper.framework; path = Bolts.framework; sourceTree = "<group>"; };
		4608D7A41A7556FA0071D831 /* TimelineTableViewController.swift */ = {isa = PBXFileReference; fileEncoding = 4; lastKnownFileType = sourcecode.swift; path = TimelineTableViewController.swift; sourceTree = "<group>"; };
		4608D7A81A7557CE0071D831 /* CreateMessageViewController.swift */ = {isa = PBXFileReference; fileEncoding = 4; lastKnownFileType = sourcecode.swift; path = CreateMessageViewController.swift; sourceTree = "<group>"; };
		463646E81A7FE9B2005C2141 /* AppConfig.plist */ = {isa = PBXFileReference; fileEncoding = 4; lastKnownFileType = text.plist.xml; path = AppConfig.plist; sourceTree = "<group>"; };
		46A1C1371A757916008730D1 /* MessageTableViewCell.swift */ = {isa = PBXFileReference; fileEncoding = 4; lastKnownFileType = sourcecode.swift; path = MessageTableViewCell.swift; sourceTree = "<group>"; };
		46A7ECDF1AA21F12009A1E98 /* UserService.swift */ = {isa = PBXFileReference; fileEncoding = 4; lastKnownFileType = sourcecode.swift; path = UserService.swift; sourceTree = "<group>"; };
		46A7ECE11AA226C6009A1E98 /* CreateMessageService.swift */ = {isa = PBXFileReference; fileEncoding = 4; lastKnownFileType = sourcecode.swift; path = CreateMessageService.swift; sourceTree = "<group>"; };
		46B54EAC1AA870640062500F /* TimelinePresenter.swift */ = {isa = PBXFileReference; fileEncoding = 4; lastKnownFileType = sourcecode.swift; path = TimelinePresenter.swift; sourceTree = "<group>"; };
/* End PBXFileReference section */

/* Begin PBXFrameworksBuildPhase section */
		4608D7611A754C210071D831 /* Frameworks */ = {
			isa = PBXFrameworksBuildPhase;
			buildActionMask = 2147483647;
			files = (
				4608D79E1A754D150071D831 /* libsqlite3.dylib in Frameworks */,
				4608D79C1A754D090071D831 /* libz.dylib in Frameworks */,
				4608D79A1A754CFA0071D831 /* SystemConfiguration.framework in Frameworks */,
				4608D7981A754CED0071D831 /* StoreKit.framework in Frameworks */,
				4608D7961A754CE70071D831 /* Security.framework in Frameworks */,
				4608D7941A754CD90071D831 /* QuartzCore.framework in Frameworks */,
				4608D7921A754CD40071D831 /* MobileCoreServices.framework in Frameworks */,
				4608D7A21A754DE30071D831 /* Bolts.framework in Frameworks */,
				4608D7901A754CCA0071D831 /* CoreLocation.framework in Frameworks */,
				4608D78E1A754CC20071D831 /* CoreGraphics.framework in Frameworks */,
				4608D78C1A754CB60071D831 /* CFNetwork.framework in Frameworks */,
				4608D7A01A754DD70071D831 /* Parse.framework in Frameworks */,
				4608D78A1A754CAB0071D831 /* AudioToolbox.framework in Frameworks */,
			);
			runOnlyForDeploymentPostprocessing = 0;
		};
		4608D7761A754C210071D831 /* Frameworks */ = {
			isa = PBXFrameworksBuildPhase;
			buildActionMask = 2147483647;
			files = (
			);
			runOnlyForDeploymentPostprocessing = 0;
		};
/* End PBXFrameworksBuildPhase section */

/* Begin PBXGroup section */
		4608D75B1A754C210071D831 = {
			isa = PBXGroup;
			children = (
				4608D7A31A754E1A0071D831 /* Frameworks */,
				4608D7661A754C210071D831 /* ParseDemo */,
				4608D77C1A754C210071D831 /* ParseDemoTests */,
				4608D7651A754C210071D831 /* Products */,
			);
			sourceTree = "<group>";
		};
		4608D7651A754C210071D831 /* Products */ = {
			isa = PBXGroup;
			children = (
				4608D7641A754C210071D831 /* ParseDemo.app */,
				4608D7791A754C210071D831 /* ParseDemoTests.xctest */,
			);
			name = Products;
			sourceTree = "<group>";
		};
		4608D7661A754C210071D831 /* ParseDemo */ = {
			isa = PBXGroup;
			children = (
				46B54EAE1AA880180062500F /* Views */,
				46B54EAB1AA8704A0062500F /* Presenters */,
				46A7ECDD1AA21EDF009A1E98 /* Services */,
				46A7ECDC1AA21ED1009A1E98 /* Controllers */,
				4608D76D1A754C210071D831 /* Main.storyboard */,
				4608D7671A754C210071D831 /* Supporting Files */,
				463646EA1A7FEC1F005C2141 /* Application */,
			);
			path = ParseDemo;
			sourceTree = "<group>";
		};
		4608D7671A754C210071D831 /* Supporting Files */ = {
			isa = PBXGroup;
			children = (
				4608D7701A754C210071D831 /* Images.xcassets */,
				4608D7721A754C210071D831 /* LaunchScreen.xib */,
				4608D7681A754C210071D831 /* Info.plist */,
				463646E81A7FE9B2005C2141 /* AppConfig.plist */,
			);
			name = "Supporting Files";
			sourceTree = "<group>";
		};
		4608D77C1A754C210071D831 /* ParseDemoTests */ = {
			isa = PBXGroup;
			children = (
				4608D77F1A754C210071D831 /* ParseDemoTests.swift */,
				4608D77D1A754C210071D831 /* Supporting Files */,
			);
			path = ParseDemoTests;
			sourceTree = "<group>";
		};
		4608D77D1A754C210071D831 /* Supporting Files */ = {
			isa = PBXGroup;
			children = (
				4608D77E1A754C210071D831 /* Info.plist */,
			);
			name = "Supporting Files";
			sourceTree = "<group>";
		};
		4608D7A31A754E1A0071D831 /* Frameworks */ = {
			isa = PBXGroup;
			children = (
				4608D79D1A754D150071D831 /* libsqlite3.dylib */,
				4608D79B1A754D090071D831 /* libz.dylib */,
				4608D7A11A754DE30071D831 /* Bolts.framework */,
				4608D79F1A754DD70071D831 /* Parse.framework */,
				4608D7991A754CFA0071D831 /* SystemConfiguration.framework */,
				4608D7971A754CED0071D831 /* StoreKit.framework */,
				4608D7951A754CE70071D831 /* Security.framework */,
				4608D7931A754CD90071D831 /* QuartzCore.framework */,
				4608D7911A754CD40071D831 /* MobileCoreServices.framework */,
				4608D78F1A754CCA0071D831 /* CoreLocation.framework */,
				4608D78D1A754CC20071D831 /* CoreGraphics.framework */,
				4608D78B1A754CB60071D831 /* CFNetwork.framework */,
				4608D7891A754CAB0071D831 /* AudioToolbox.framework */,
			);
			name = Frameworks;
			sourceTree = "<group>";
		};
		463646EA1A7FEC1F005C2141 /* Application */ = {
			isa = PBXGroup;
			children = (
				4608D7691A754C210071D831 /* AppDelegate.swift */,
			);
			name = Application;
			sourceTree = "<group>";
		};
		46A7ECDC1AA21ED1009A1E98 /* Controllers */ = {
			isa = PBXGroup;
			children = (
				4608D7A41A7556FA0071D831 /* TimelineTableViewController.swift */,
				4608D7A81A7557CE0071D831 /* CreateMessageViewController.swift */,
			);
			name = Controllers;
			sourceTree = "<group>";
		};
		46A7ECDD1AA21EDF009A1E98 /* Services */ = {
			isa = PBXGroup;
			children = (
				46A7ECDF1AA21F12009A1E98 /* UserService.swift */,
				46A7ECE11AA226C6009A1E98 /* CreateMessageService.swift */,
			);
			name = Services;
			sourceTree = "<group>";
		};
		46B54EAB1AA8704A0062500F /* Presenters */ = {
			isa = PBXGroup;
			children = (
				46B54EAC1AA870640062500F /* TimelinePresenter.swift */,
			);
			name = Presenters;
			sourceTree = "<group>";
		};
		46B54EAE1AA880180062500F /* Views */ = {
			isa = PBXGroup;
			children = (
				46A1C1371A757916008730D1 /* MessageTableViewCell.swift */,
			);
			name = Views;
			sourceTree = "<group>";
		};
/* End PBXGroup section */

/* Begin PBXNativeTarget section */
		4608D7631A754C210071D831 /* ParseDemo */ = {
			isa = PBXNativeTarget;
			buildConfigurationList = 4608D7831A754C210071D831 /* Build configuration list for PBXNativeTarget "ParseDemo" */;
			buildPhases = (
				4608D7601A754C210071D831 /* Sources */,
				4608D7611A754C210071D831 /* Frameworks */,
				4608D7621A754C210071D831 /* Resources */,
			);
			buildRules = (
			);
			dependencies = (
			);
			name = ParseDemo;
			productName = ParseDemo;
			productReference = 4608D7641A754C210071D831 /* ParseDemo.app */;
			productType = "com.apple.product-type.application";
		};
		4608D7781A754C210071D831 /* ParseDemoTests */ = {
			isa = PBXNativeTarget;
			buildConfigurationList = 4608D7861A754C210071D831 /* Build configuration list for PBXNativeTarget "ParseDemoTests" */;
			buildPhases = (
				4608D7751A754C210071D831 /* Sources */,
				4608D7761A754C210071D831 /* Frameworks */,
				4608D7771A754C210071D831 /* Resources */,
			);
			buildRules = (
			);
			dependencies = (
				4608D77B1A754C210071D831 /* PBXTargetDependency */,
			);
			name = ParseDemoTests;
			productName = ParseDemoTests;
			productReference = 4608D7791A754C210071D831 /* ParseDemoTests.xctest */;
			productType = "com.apple.product-type.bundle.unit-test";
		};
/* End PBXNativeTarget section */

/* Begin PBXProject section */
		4608D75C1A754C210071D831 /* Project object */ = {
			isa = PBXProject;
			attributes = {
				LastUpgradeCheck = 0610;
				ORGANIZATIONNAME = "Boris Musatov";
				TargetAttributes = {
					4608D7631A754C210071D831 = {
						CreatedOnToolsVersion = 6.1.1;
					};
					4608D7781A754C210071D831 = {
						CreatedOnToolsVersion = 6.1.1;
						TestTargetID = 4608D7631A754C210071D831;
					};
				};
			};
			buildConfigurationList = 4608D75F1A754C210071D831 /* Build configuration list for PBXProject "ParseDemo" */;
			compatibilityVersion = "Xcode 3.2";
			developmentRegion = English;
			hasScannedForEncodings = 0;
			knownRegions = (
				en,
				Base,
			);
			mainGroup = 4608D75B1A754C210071D831;
			productRefGroup = 4608D7651A754C210071D831 /* Products */;
			projectDirPath = "";
			projectRoot = "";
			targets = (
				4608D7631A754C210071D831 /* ParseDemo */,
				4608D7781A754C210071D831 /* ParseDemoTests */,
			);
		};
/* End PBXProject section */

/* Begin PBXResourcesBuildPhase section */
		4608D7621A754C210071D831 /* Resources */ = {
			isa = PBXResourcesBuildPhase;
			buildActionMask = 2147483647;
			files = (
				463646E91A7FE9B2005C2141 /* AppConfig.plist in Resources */,
				4608D76F1A754C210071D831 /* Main.storyboard in Resources */,
				4608D7741A754C210071D831 /* LaunchScreen.xib in Resources */,
				4608D7711A754C210071D831 /* Images.xcassets in Resources */,
			);
			runOnlyForDeploymentPostprocessing = 0;
		};
		4608D7771A754C210071D831 /* Resources */ = {
			isa = PBXResourcesBuildPhase;
			buildActionMask = 2147483647;
			files = (
			);
			runOnlyForDeploymentPostprocessing = 0;
		};
/* End PBXResourcesBuildPhase section */

/* Begin PBXSourcesBuildPhase section */
		4608D7601A754C210071D831 /* Sources */ = {
			isa = PBXSourcesBuildPhase;
			buildActionMask = 2147483647;
			files = (
				4608D7A91A7557CE0071D831 /* CreateMessageViewController.swift in Sources */,
				46A1C1381A757916008730D1 /* MessageTableViewCell.swift in Sources */,
				46A7ECE01AA21F12009A1E98 /* UserService.swift in Sources */,
				46A7ECE21AA226C6009A1E98 /* CreateMessageService.swift in Sources */,
				4608D7A51A7556FA0071D831 /* TimelineTableViewController.swift in Sources */,
				4608D76A1A754C210071D831 /* AppDelegate.swift in Sources */,
				46B54EAD1AA870640062500F /* TimelinePresenter.swift in Sources */,
			);
			runOnlyForDeploymentPostprocessing = 0;
		};
		4608D7751A754C210071D831 /* Sources */ = {
			isa = PBXSourcesBuildPhase;
			buildActionMask = 2147483647;
			files = (
				4608D7801A754C210071D831 /* ParseDemoTests.swift in Sources */,
			);
			runOnlyForDeploymentPostprocessing = 0;
		};
/* End PBXSourcesBuildPhase section */

/* Begin PBXTargetDependency section */
		4608D77B1A754C210071D831 /* PBXTargetDependency */ = {
			isa = PBXTargetDependency;
			target = 4608D7631A754C210071D831 /* ParseDemo */;
			targetProxy = 4608D77A1A754C210071D831 /* PBXContainerItemProxy */;
		};
/* End PBXTargetDependency section */

/* Begin PBXVariantGroup section */
		4608D76D1A754C210071D831 /* Main.storyboard */ = {
			isa = PBXVariantGroup;
			children = (
				4608D76E1A754C210071D831 /* Base */,
			);
			name = Main.storyboard;
			sourceTree = "<group>";
		};
		4608D7721A754C210071D831 /* LaunchScreen.xib */ = {
			isa = PBXVariantGroup;
			children = (
				4608D7731A754C210071D831 /* Base */,
			);
			name = LaunchScreen.xib;
			sourceTree = "<group>";
		};
/* End PBXVariantGroup section */

/* Begin XCBuildConfiguration section */
		4608D7811A754C210071D831 /* Debug */ = {
			isa = XCBuildConfiguration;
			buildSettings = {
				ALWAYS_SEARCH_USER_PATHS = NO;
				CLANG_CXX_LANGUAGE_STANDARD = "gnu++0x";
				CLANG_CXX_LIBRARY = "libc++";
				CLANG_ENABLE_MODULES = YES;
				CLANG_ENABLE_OBJC_ARC = YES;
				CLANG_WARN_BOOL_CONVERSION = YES;
				CLANG_WARN_CONSTANT_CONVERSION = YES;
				CLANG_WARN_DIRECT_OBJC_ISA_USAGE = YES_ERROR;
				CLANG_WARN_EMPTY_BODY = YES;
				CLANG_WARN_ENUM_CONVERSION = YES;
				CLANG_WARN_INT_CONVERSION = YES;
				CLANG_WARN_OBJC_ROOT_CLASS = YES_ERROR;
				CLANG_WARN_UNREACHABLE_CODE = YES;
				CLANG_WARN__DUPLICATE_METHOD_MATCH = YES;
				"CODE_SIGN_IDENTITY[sdk=iphoneos*]" = "iPhone Developer";
				COPY_PHASE_STRIP = NO;
				ENABLE_STRICT_OBJC_MSGSEND = YES;
				GCC_C_LANGUAGE_STANDARD = gnu99;
				GCC_DYNAMIC_NO_PIC = NO;
				GCC_OPTIMIZATION_LEVEL = 0;
				GCC_PREPROCESSOR_DEFINITIONS = (
					"DEBUG=1",
					"$(inherited)",
				);
				GCC_SYMBOLS_PRIVATE_EXTERN = NO;
				GCC_WARN_64_TO_32_BIT_CONVERSION = YES;
				GCC_WARN_ABOUT_RETURN_TYPE = YES_ERROR;
				GCC_WARN_UNDECLARED_SELECTOR = YES;
				GCC_WARN_UNINITIALIZED_AUTOS = YES_AGGRESSIVE;
				GCC_WARN_UNUSED_FUNCTION = YES;
				GCC_WARN_UNUSED_VARIABLE = YES;
				IPHONEOS_DEPLOYMENT_TARGET = 8.1;
				MTL_ENABLE_DEBUG_INFO = YES;
				ONLY_ACTIVE_ARCH = YES;
				SDKROOT = iphoneos;
				SWIFT_OPTIMIZATION_LEVEL = "-Onone";
			};
			name = Debug;
		};
		4608D7821A754C210071D831 /* Release */ = {
			isa = XCBuildConfiguration;
			buildSettings = {
				ALWAYS_SEARCH_USER_PATHS = NO;
				CLANG_CXX_LANGUAGE_STANDARD = "gnu++0x";
				CLANG_CXX_LIBRARY = "libc++";
				CLANG_ENABLE_MODULES = YES;
				CLANG_ENABLE_OBJC_ARC = YES;
				CLANG_WARN_BOOL_CONVERSION = YES;
				CLANG_WARN_CONSTANT_CONVERSION = YES;
				CLANG_WARN_DIRECT_OBJC_ISA_USAGE = YES_ERROR;
				CLANG_WARN_EMPTY_BODY = YES;
				CLANG_WARN_ENUM_CONVERSION = YES;
				CLANG_WARN_INT_CONVERSION = YES;
				CLANG_WARN_OBJC_ROOT_CLASS = YES_ERROR;
				CLANG_WARN_UNREACHABLE_CODE = YES;
				CLANG_WARN__DUPLICATE_METHOD_MATCH = YES;
				"CODE_SIGN_IDENTITY[sdk=iphoneos*]" = "iPhone Developer";
				COPY_PHASE_STRIP = YES;
				ENABLE_NS_ASSERTIONS = NO;
				ENABLE_STRICT_OBJC_MSGSEND = YES;
				GCC_C_LANGUAGE_STANDARD = gnu99;
				GCC_WARN_64_TO_32_BIT_CONVERSION = YES;
				GCC_WARN_ABOUT_RETURN_TYPE = YES_ERROR;
				GCC_WARN_UNDECLARED_SELECTOR = YES;
				GCC_WARN_UNINITIALIZED_AUTOS = YES_AGGRESSIVE;
				GCC_WARN_UNUSED_FUNCTION = YES;
				GCC_WARN_UNUSED_VARIABLE = YES;
				IPHONEOS_DEPLOYMENT_TARGET = 8.1;
				MTL_ENABLE_DEBUG_INFO = NO;
				SDKROOT = iphoneos;
				VALIDATE_PRODUCT = YES;
			};
			name = Release;
		};
		4608D7841A754C210071D831 /* Debug */ = {
			isa = XCBuildConfiguration;
			buildSettings = {
				ASSETCATALOG_COMPILER_APPICON_NAME = AppIcon;
				FRAMEWORK_SEARCH_PATHS = (
					"$(inherited)",
					"$(PROJECT_DIR)",
				);
				INFOPLIST_FILE = ParseDemo/Info.plist;
				LD_RUNPATH_SEARCH_PATHS = "$(inherited) @executable_path/Frameworks";
				PRODUCT_NAME = "$(TARGET_NAME)";
			};
			name = Debug;
		};
		4608D7851A754C210071D831 /* Release */ = {
			isa = XCBuildConfiguration;
			buildSettings = {
				ASSETCATALOG_COMPILER_APPICON_NAME = AppIcon;
				FRAMEWORK_SEARCH_PATHS = (
					"$(inherited)",
					"$(PROJECT_DIR)",
				);
				INFOPLIST_FILE = ParseDemo/Info.plist;
				LD_RUNPATH_SEARCH_PATHS = "$(inherited) @executable_path/Frameworks";
				PRODUCT_NAME = "$(TARGET_NAME)";
			};
			name = Release;
		};
		4608D7871A754C210071D831 /* Debug */ = {
			isa = XCBuildConfiguration;
			buildSettings = {
				BUNDLE_LOADER = "$(TEST_HOST)";
				FRAMEWORK_SEARCH_PATHS = (
					"$(SDKROOT)/Developer/Library/Frameworks",
					"$(inherited)",
				);
				GCC_PREPROCESSOR_DEFINITIONS = (
					"DEBUG=1",
					"$(inherited)",
				);
				INFOPLIST_FILE = ParseDemoTests/Info.plist;
				LD_RUNPATH_SEARCH_PATHS = "$(inherited) @executable_path/Frameworks @loader_path/Frameworks";
				PRODUCT_NAME = "$(TARGET_NAME)";
				TEST_HOST = "$(BUILT_PRODUCTS_DIR)/ParseDemo.app/ParseDemo";
			};
			name = Debug;
		};
		4608D7881A754C210071D831 /* Release */ = {
			isa = XCBuildConfiguration;
			buildSettings = {
				BUNDLE_LOADER = "$(TEST_HOST)";
				FRAMEWORK_SEARCH_PATHS = (
					"$(SDKROOT)/Developer/Library/Frameworks",
					"$(inherited)",
				);
				INFOPLIST_FILE = ParseDemoTests/Info.plist;
				LD_RUNPATH_SEARCH_PATHS = "$(inherited) @executable_path/Frameworks @loader_path/Frameworks";
				PRODUCT_NAME = "$(TARGET_NAME)";
				TEST_HOST = "$(BUILT_PRODUCTS_DIR)/ParseDemo.app/ParseDemo";
			};
			name = Release;
		};
/* End XCBuildConfiguration section */

/* Begin XCConfigurationList section */
		4608D75F1A754C210071D831 /* Build configuration list for PBXProject "ParseDemo" */ = {
			isa = XCConfigurationList;
			buildConfigurations = (
				4608D7811A754C210071D831 /* Debug */,
				4608D7821A754C210071D831 /* Release */,
			);
			defaultConfigurationIsVisible = 0;
			defaultConfigurationName = Release;
		};
		4608D7831A754C210071D831 /* Build configuration list for PBXNativeTarget "ParseDemo" */ = {
			isa = XCConfigurationList;
			buildConfigurations = (
				4608D7841A754C210071D831 /* Debug */,
				4608D7851A754C210071D831 /* Release */,
			);
			defaultConfigurationIsVisible = 0;
			defaultConfigurationName = Release;
		};
		4608D7861A754C210071D831 /* Build configuration list for PBXNativeTarget "ParseDemoTests" */ = {
			isa = XCConfigurationList;
			buildConfigurations = (
				4608D7871A754C210071D831 /* Debug */,
				4608D7881A754C210071D831 /* Release */,
			);
			defaultConfigurationIsVisible = 0;
			defaultConfigurationName = Release;
		};
/* End XCConfigurationList section */
	};
	rootObject = 4608D75C1A754C210071D831 /* Project object */;
}
